// !$*UTF8*$!
{
	archiveVersion = 1;
	classes = {
	};
	objectVersion = 50;
	objects = {

/* Begin PBXBuildFile section */
		EA050CD82199EC1F00F04DD0 /* AppDelegate.swift in Sources */ = {isa = PBXBuildFile; fileRef = EA050CD72199EC1F00F04DD0 /* AppDelegate.swift */; };
		EA050CDA2199EC1F00F04DD0 /* ViewController.swift in Sources */ = {isa = PBXBuildFile; fileRef = EA050CD92199EC1F00F04DD0 /* ViewController.swift */; };
		EA050CDC2199EC1F00F04DD0 /* Assets.xcassets in Resources */ = {isa = PBXBuildFile; fileRef = EA050CDB2199EC1F00F04DD0 /* Assets.xcassets */; };
		EA050CDF2199EC1F00F04DD0 /* Main.storyboard in Resources */ = {isa = PBXBuildFile; fileRef = EA050CDD2199EC1F00F04DD0 /* Main.storyboard */; };
		EABC56422199F128001734F4 /* com.chikim.Virtual-Extended-Keyboard.plist in Resources */ = {isa = PBXBuildFile; fileRef = EABC56412199F128001734F4 /* com.chikim.Virtual-Extended-Keyboard.plist */; };
/* End PBXBuildFile section */

/* Begin PBXFileReference section */
		EA050CD42199EC1F00F04DD0 /* Virtual Extended Keyboard.app */ = {isa = PBXFileReference; explicitFileType = wrapper.application; includeInIndex = 0; path = "Virtual Extended Keyboard.app"; sourceTree = BUILT_PRODUCTS_DIR; };
		EA050CD72199EC1F00F04DD0 /* AppDelegate.swift */ = {isa = PBXFileReference; lastKnownFileType = sourcecode.swift; path = AppDelegate.swift; sourceTree = "<group>"; };
		EA050CD92199EC1F00F04DD0 /* ViewController.swift */ = {isa = PBXFileReference; lastKnownFileType = sourcecode.swift; path = ViewController.swift; sourceTree = "<group>"; };
		EA050CDB2199EC1F00F04DD0 /* Assets.xcassets */ = {isa = PBXFileReference; lastKnownFileType = folder.assetcatalog; path = Assets.xcassets; sourceTree = "<group>"; };
		EA050CDE2199EC1F00F04DD0 /* Base */ = {isa = PBXFileReference; lastKnownFileType = file.storyboard; name = Base; path = Base.lproj/Main.storyboard; sourceTree = "<group>"; };
		EA050CE02199EC1F00F04DD0 /* Info.plist */ = {isa = PBXFileReference; lastKnownFileType = text.plist.xml; path = Info.plist; sourceTree = "<group>"; };
		EA050CE12199EC1F00F04DD0 /* Virtual_Extended_Keyboard.entitlements */ = {isa = PBXFileReference; lastKnownFileType = text.plist.entitlements; path = Virtual_Extended_Keyboard.entitlements; sourceTree = "<group>"; };
		EABC56402199F078001734F4 /* Virtual Extended Keyboard.entitlements */ = {isa = PBXFileReference; lastKnownFileType = text.plist.entitlements; path = "Virtual Extended Keyboard.entitlements"; sourceTree = "<group>"; };
		EABC56412199F128001734F4 /* com.chikim.Virtual-Extended-Keyboard.plist */ = {isa = PBXFileReference; fileEncoding = 4; lastKnownFileType = text.plist.xml; path = "com.chikim.Virtual-Extended-Keyboard.plist"; sourceTree = "<group>"; };
/* End PBXFileReference section */

/* Begin PBXFrameworksBuildPhase section */
		EA050CD12199EC1F00F04DD0 /* Frameworks */ = {
			isa = PBXFrameworksBuildPhase;
			buildActionMask = 2147483647;
			files = (
			);
			runOnlyForDeploymentPostprocessing = 0;
		};
/* End PBXFrameworksBuildPhase section */

/* Begin PBXGroup section */
		EA050CCB2199EC1F00F04DD0 = {
			isa = PBXGroup;
			children = (
				EABC56412199F128001734F4 /* com.chikim.Virtual-Extended-Keyboard.plist */,
				EA050CD62199EC1F00F04DD0 /* Virtual Extended Keyboard */,
				EA050CD52199EC1F00F04DD0 /* Products */,
			);
			sourceTree = "<group>";
		};
		EA050CD52199EC1F00F04DD0 /* Products */ = {
			isa = PBXGroup;
			children = (
				EA050CD42199EC1F00F04DD0 /* Virtual Extended Keyboard.app */,
			);
			name = Products;
			sourceTree = "<group>";
		};
		EA050CD62199EC1F00F04DD0 /* Virtual Extended Keyboard */ = {
			isa = PBXGroup;
			children = (
				EABC56402199F078001734F4 /* Virtual Extended Keyboard.entitlements */,
				EA050CD72199EC1F00F04DD0 /* AppDelegate.swift */,
				EA050CD92199EC1F00F04DD0 /* ViewController.swift */,
				EA050CDB2199EC1F00F04DD0 /* Assets.xcassets */,
				EA050CDD2199EC1F00F04DD0 /* Main.storyboard */,
				EA050CE02199EC1F00F04DD0 /* Info.plist */,
				EA050CE12199EC1F00F04DD0 /* Virtual_Extended_Keyboard.entitlements */,
			);
			path = "Virtual Extended Keyboard";
			sourceTree = "<group>";
		};
/* End PBXGroup section */

/* Begin PBXNativeTarget section */
		EA050CD32199EC1F00F04DD0 /* Virtual Extended Keyboard */ = {
			isa = PBXNativeTarget;
			buildConfigurationList = EA050CE42199EC1F00F04DD0 /* Build configuration list for PBXNativeTarget "Virtual Extended Keyboard" */;
			buildPhases = (
				EA050CD02199EC1F00F04DD0 /* Sources */,
				EA050CD12199EC1F00F04DD0 /* Frameworks */,
				EA050CD22199EC1F00F04DD0 /* Resources */,
			);
			buildRules = (
			);
			dependencies = (
			);
			name = "Virtual Extended Keyboard";
			productName = "Virtual Extended Keyboard";
			productReference = EA050CD42199EC1F00F04DD0 /* Virtual Extended Keyboard.app */;
			productType = "com.apple.product-type.application";
		};
/* End PBXNativeTarget section */

/* Begin PBXProject section */
		EA050CCC2199EC1F00F04DD0 /* Project object */ = {
			isa = PBXProject;
			attributes = {
				LastSwiftUpdateCheck = 1010;
				LastUpgradeCheck = 1010;
				ORGANIZATIONNAME = "Chi Kim";
				TargetAttributes = {
					EA050CD32199EC1F00F04DD0 = {
						CreatedOnToolsVersion = 10.1;
						SystemCapabilities = {
							com.apple.HardenedRuntime = {
								enabled = 1;
							};
							com.apple.Sandbox = {
								enabled = 0;
							};
						};
					};
				};
			};
			buildConfigurationList = EA050CCF2199EC1F00F04DD0 /* Build configuration list for PBXProject "Virtual Extended Keyboard" */;
			compatibilityVersion = "Xcode 9.3";
			developmentRegion = en;
			hasScannedForEncodings = 0;
			knownRegions = (
				en,
				Base,
			);
			mainGroup = EA050CCB2199EC1F00F04DD0;
			productRefGroup = EA050CD52199EC1F00F04DD0 /* Products */;
			projectDirPath = "";
			projectRoot = "";
			targets = (
				EA050CD32199EC1F00F04DD0 /* Virtual Extended Keyboard */,
			);
		};
/* End PBXProject section */

/* Begin PBXResourcesBuildPhase section */
		EA050CD22199EC1F00F04DD0 /* Resources */ = {
			isa = PBXResourcesBuildPhase;
			buildActionMask = 2147483647;
			files = (
				EA050CDC2199EC1F00F04DD0 /* Assets.xcassets in Resources */,
				EABC56422199F128001734F4 /* com.chikim.Virtual-Extended-Keyboard.plist in Resources */,
				EA050CDF2199EC1F00F04DD0 /* Main.storyboard in Resources */,
			);
			runOnlyForDeploymentPostprocessing = 0;
		};
/* End PBXResourcesBuildPhase section */

/* Begin PBXSourcesBuildPhase section */
		EA050CD02199EC1F00F04DD0 /* Sources */ = {
			isa = PBXSourcesBuildPhase;
			buildActionMask = 2147483647;
			files = (
				EA050CDA2199EC1F00F04DD0 /* ViewController.swift in Sources */,
				EA050CD82199EC1F00F04DD0 /* AppDelegate.swift in Sources */,
			);
			runOnlyForDeploymentPostprocessing = 0;
		};
/* End PBXSourcesBuildPhase section */

/* Begin PBXVariantGroup section */
		EA050CDD2199EC1F00F04DD0 /* Main.storyboard */ = {
			isa = PBXVariantGroup;
			children = (
				EA050CDE2199EC1F00F04DD0 /* Base */,
			);
			name = Main.storyboard;
			sourceTree = "<group>";
		};
/* End PBXVariantGroup section */

/* Begin XCBuildConfiguration section */
		EA050CE22199EC1F00F04DD0 /* Debug */ = {
			isa = XCBuildConfiguration;
			buildSettings = {
				ALWAYS_SEARCH_USER_PATHS = NO;
				CLANG_ANALYZER_NONNULL = YES;
				CLANG_ANALYZER_NUMBER_OBJECT_CONVERSION = YES_AGGRESSIVE;
				CLANG_CXX_LANGUAGE_STANDARD = "gnu++14";
				CLANG_CXX_LIBRARY = "libc++";
				CLANG_ENABLE_MODULES = YES;
				CLANG_ENABLE_OBJC_ARC = YES;
				CLANG_ENABLE_OBJC_WEAK = YES;
				CLANG_WARN_BLOCK_CAPTURE_AUTORELEASING = YES;
				CLANG_WARN_BOOL_CONVERSION = YES;
				CLANG_WARN_COMMA = YES;
				CLANG_WARN_CONSTANT_CONVERSION = YES;
				CLANG_WARN_DEPRECATED_OBJC_IMPLEMENTATIONS = YES;
				CLANG_WARN_DIRECT_OBJC_ISA_USAGE = YES_ERROR;
				CLANG_WARN_DOCUMENTATION_COMMENTS = YES;
				CLANG_WARN_EMPTY_BODY = YES;
				CLANG_WARN_ENUM_CONVERSION = YES;
				CLANG_WARN_INFINITE_RECURSION = YES;
				CLANG_WARN_INT_CONVERSION = YES;
				CLANG_WARN_NON_LITERAL_NULL_CONVERSION = YES;
				CLANG_WARN_OBJC_IMPLICIT_RETAIN_SELF = YES;
				CLANG_WARN_OBJC_LITERAL_CONVERSION = YES;
				CLANG_WARN_OBJC_ROOT_CLASS = YES_ERROR;
				CLANG_WARN_RANGE_LOOP_ANALYSIS = YES;
				CLANG_WARN_STRICT_PROTOTYPES = YES;
				CLANG_WARN_SUSPICIOUS_MOVE = YES;
				CLANG_WARN_UNGUARDED_AVAILABILITY = YES_AGGRESSIVE;
				CLANG_WARN_UNREACHABLE_CODE = YES;
				CLANG_WARN__DUPLICATE_METHOD_MATCH = YES;
				CODE_SIGN_IDENTITY = "Mac Developer";
				COPY_PHASE_STRIP = NO;
				DEBUG_INFORMATION_FORMAT = dwarf;
				ENABLE_STRICT_OBJC_MSGSEND = YES;
				ENABLE_TESTABILITY = YES;
				GCC_C_LANGUAGE_STANDARD = gnu11;
				GCC_DYNAMIC_NO_PIC = NO;
				GCC_NO_COMMON_BLOCKS = YES;
				GCC_OPTIMIZATION_LEVEL = 0;
				GCC_PREPROCESSOR_DEFINITIONS = (
					"DEBUG=1",
					"$(inherited)",
				);
				GCC_WARN_64_TO_32_BIT_CONVERSION = YES;
				GCC_WARN_ABOUT_RETURN_TYPE = YES_ERROR;
				GCC_WARN_UNDECLARED_SELECTOR = YES;
				GCC_WARN_UNINITIALIZED_AUTOS = YES_AGGRESSIVE;
				GCC_WARN_UNUSED_FUNCTION = YES;
				GCC_WARN_UNUSED_VARIABLE = YES;
				MACOSX_DEPLOYMENT_TARGET = 10.14;
				MTL_ENABLE_DEBUG_INFO = INCLUDE_SOURCE;
				MTL_FAST_MATH = YES;
				ONLY_ACTIVE_ARCH = YES;
				SDKROOT = macosx;
				SWIFT_ACTIVE_COMPILATION_CONDITIONS = DEBUG;
				SWIFT_OPTIMIZATION_LEVEL = "-Onone";
			};
			name = Debug;
		};
		EA050CE32199EC1F00F04DD0 /* Release */ = {
			isa = XCBuildConfiguration;
			buildSettings = {
				ALWAYS_SEARCH_USER_PATHS = NO;
				CLANG_ANALYZER_NONNULL = YES;
				CLANG_ANALYZER_NUMBER_OBJECT_CONVERSION = YES_AGGRESSIVE;
				CLANG_CXX_LANGUAGE_STANDARD = "gnu++14";
				CLANG_CXX_LIBRARY = "libc++";
				CLANG_ENABLE_MODULES = YES;
				CLANG_ENABLE_OBJC_ARC = YES;
				CLANG_ENABLE_OBJC_WEAK = YES;
				CLANG_WARN_BLOCK_CAPTURE_AUTORELEASING = YES;
				CLANG_WARN_BOOL_CONVERSION = YES;
				CLANG_WARN_COMMA = YES;
				CLANG_WARN_CONSTANT_CONVERSION = YES;
				CLANG_WARN_DEPRECATED_OBJC_IMPLEMENTATIONS = YES;
				CLANG_WARN_DIRECT_OBJC_ISA_USAGE = YES_ERROR;
				CLANG_WARN_DOCUMENTATION_COMMENTS = YES;
				CLANG_WARN_EMPTY_BODY = YES;
				CLANG_WARN_ENUM_CONVERSION = YES;
				CLANG_WARN_INFINITE_RECURSION = YES;
				CLANG_WARN_INT_CONVERSION = YES;
				CLANG_WARN_NON_LITERAL_NULL_CONVERSION = YES;
				CLANG_WARN_OBJC_IMPLICIT_RETAIN_SELF = YES;
				CLANG_WARN_OBJC_LITERAL_CONVERSION = YES;
				CLANG_WARN_OBJC_ROOT_CLASS = YES_ERROR;
				CLANG_WARN_RANGE_LOOP_ANALYSIS = YES;
				CLANG_WARN_STRICT_PROTOTYPES = YES;
				CLANG_WARN_SUSPICIOUS_MOVE = YES;
				CLANG_WARN_UNGUARDED_AVAILABILITY = YES_AGGRESSIVE;
				CLANG_WARN_UNREACHABLE_CODE = YES;
				CLANG_WARN__DUPLICATE_METHOD_MATCH = YES;
				CODE_SIGN_IDENTITY = "Mac Developer";
				COPY_PHASE_STRIP = NO;
				DEBUG_INFORMATION_FORMAT = "dwarf-with-dsym";
				ENABLE_NS_ASSERTIONS = NO;
				ENABLE_STRICT_OBJC_MSGSEND = YES;
				GCC_C_LANGUAGE_STANDARD = gnu11;
				GCC_NO_COMMON_BLOCKS = YES;
				GCC_WARN_64_TO_32_BIT_CONVERSION = YES;
				GCC_WARN_ABOUT_RETURN_TYPE = YES_ERROR;
				GCC_WARN_UNDECLARED_SELECTOR = YES;
				GCC_WARN_UNINITIALIZED_AUTOS = YES_AGGRESSIVE;
				GCC_WARN_UNUSED_FUNCTION = YES;
				GCC_WARN_UNUSED_VARIABLE = YES;
				MACOSX_DEPLOYMENT_TARGET = 10.14;
				MTL_ENABLE_DEBUG_INFO = NO;
				MTL_FAST_MATH = YES;
				SDKROOT = macosx;
				SWIFT_COMPILATION_MODE = wholemodule;
				SWIFT_OPTIMIZATION_LEVEL = "-O";
			};
			name = Release;
		};
		EA050CE52199EC1F00F04DD0 /* Debug */ = {
			isa = XCBuildConfiguration;
			buildSettings = {
				ASSETCATALOG_COMPILER_APPICON_NAME = AppIcon;
				CODE_SIGN_STYLE = Automatic;
				COMBINE_HIDPI_IMAGES = YES;
				DEVELOPMENT_TEAM = 9N598S2535;
				ENABLE_HARDENED_RUNTIME = YES;
				INFOPLIST_FILE = "Virtual Extended Keyboard/Info.plist";
				LD_RUNPATH_SEARCH_PATHS = (
					"$(inherited)",
					"@executable_path/../Frameworks",
				);
				MACOSX_DEPLOYMENT_TARGET = 10.12;
				PRODUCT_BUNDLE_IDENTIFIER = "com.chikim.Virtual-Extended-Keyboard";
				PRODUCT_NAME = "$(TARGET_NAME)";
				SWIFT_VERSION = 4.2;
			};
			name = Debug;
		};
		EA050CE62199EC1F00F04DD0 /* Release */ = {
			isa = XCBuildConfiguration;
			buildSettings = {
				ASSETCATALOG_COMPILER_APPICON_NAME = AppIcon;
				CODE_SIGN_STYLE = Automatic;
				COMBINE_HIDPI_IMAGES = YES;
				DEVELOPMENT_TEAM = 9N598S2535;
				ENABLE_HARDENED_RUNTIME = YES;
				INFOPLIST_FILE = "Virtual Extended Keyboard/Info.plist";
				LD_RUNPATH_SEARCH_PATHS = (
					"$(inherited)",
					"@executable_path/../Frameworks",
				);
				MACOSX_DEPLOYMENT_TARGET = 10.12;
				PRODUCT_BUNDLE_IDENTIFIER = "com.chikim.Virtual-Extended-Keyboard";
				PRODUCT_NAME = "$(TARGET_NAME)";
				SWIFT_VERSION = 4.2;
			};
			name = Release;
		};
/* End XCBuildConfiguration section */

/* Begin XCConfigurationList section */
		EA050CCF2199EC1F00F04DD0 /* Build configuration list for PBXProject "Virtual Extended Keyboard" */ = {
			isa = XCConfigurationList;
			buildConfigurations = (
				EA050CE22199EC1F00F04DD0 /* Debug */,
				EA050CE32199EC1F00F04DD0 /* Release */,
			);
			defaultConfigurationIsVisible = 0;
			defaultConfigurationName = Release;
		};
		EA050CE42199EC1F00F04DD0 /* Build configuration list for PBXNativeTarget "Virtual Extended Keyboard" */ = {
			isa = XCConfigurationList;
			buildConfigurations = (
				EA050CE52199EC1F00F04DD0 /* Debug */,
				EA050CE62199EC1F00F04DD0 /* Release */,
			);
			defaultConfigurationIsVisible = 0;
			defaultConfigurationName = Release;
		};
/* End XCConfigurationList section */
	};
	rootObject = EA050CCC2199EC1F00F04DD0 /* Project object */;
}
